// !$*UTF8*$!
{
	archiveVersion = 1;
	classes = {
	};
	objectVersion = 46;
	objects = {

/* Begin PBXBuildFile section */
		17D21BBDB4F5BD123260170C /* Pods_BlanketUITests.framework in Frameworks */ = {isa = PBXBuildFile; fileRef = 2F3549D8732BBE76514189A3 /* Pods_BlanketUITests.framework */; };
		2B7A1CD99C12D2B02EFF1DEC /* Pods_BlanketTests.framework in Frameworks */ = {isa = PBXBuildFile; fileRef = 3FBF83373C439FFAB0DE777D /* Pods_BlanketTests.framework */; };
		5801067A1EA2A8420046D252 /* RatingViewController.swift in Sources */ = {isa = PBXBuildFile; fileRef = 580106791EA2A8420046D252 /* RatingViewController.swift */; };
		580106801EA2C0270046D252 /* RatingViewController.xib in Resources */ = {isa = PBXBuildFile; fileRef = 5801067F1EA2C0270046D252 /* RatingViewController.xib */; };
		5801590A1E81C82D008D934E /* BadgesViewController.swift in Sources */ = {isa = PBXBuildFile; fileRef = 580159091E81C82D008D934E /* BadgesViewController.swift */; };
		5801590E1E81C997008D934E /* CollectionCellView.swift in Sources */ = {isa = PBXBuildFile; fileRef = 5801590D1E81C997008D934E /* CollectionCellView.swift */; };
		580159101E81CC93008D934E /* Calendar in Resources */ = {isa = PBXBuildFile; fileRef = 5801590F1E81CC93008D934E /* Calendar */; };
		581DA3AD1E70D66B0051C64B /* AppDelegate.swift in Sources */ = {isa = PBXBuildFile; fileRef = 581DA3AC1E70D66B0051C64B /* AppDelegate.swift */; };
		581DA3B21E70D66B0051C64B /* Main.storyboard in Resources */ = {isa = PBXBuildFile; fileRef = 581DA3B01E70D66B0051C64B /* Main.storyboard */; };
		581DA3B51E70D66B0051C64B /* Blanket.xcdatamodeld in Sources */ = {isa = PBXBuildFile; fileRef = 581DA3B31E70D66B0051C64B /* Blanket.xcdatamodeld */; };
		581DA3B71E70D66B0051C64B /* Assets.xcassets in Resources */ = {isa = PBXBuildFile; fileRef = 581DA3B61E70D66B0051C64B /* Assets.xcassets */; };
		581DA3BA1E70D66B0051C64B /* LaunchScreen.storyboard in Resources */ = {isa = PBXBuildFile; fileRef = 581DA3B81E70D66B0051C64B /* LaunchScreen.storyboard */; };
		581DA3C51E70D66C0051C64B /* BlanketTests.swift in Sources */ = {isa = PBXBuildFile; fileRef = 581DA3C41E70D66C0051C64B /* BlanketTests.swift */; };
		581DA3D01E70D66C0051C64B /* BlanketUITests.swift in Sources */ = {isa = PBXBuildFile; fileRef = 581DA3CF1E70D66C0051C64B /* BlanketUITests.swift */; };
		581DA3E61E70EB7F0051C64B /* InputViewController.swift in Sources */ = {isa = PBXBuildFile; fileRef = 581DA3E51E70EB7F0051C64B /* InputViewController.swift */; };
		582C3E471EA0126000DC1698 /* GoalsViewController.swift in Sources */ = {isa = PBXBuildFile; fileRef = 582C3E461EA0126000DC1698 /* GoalsViewController.swift */; };
		582E11B71E8AB8EC0074ADE1 /* GoogleService-Info.plist in Resources */ = {isa = PBXBuildFile; fileRef = 582E11B61E8AB8EC0074ADE1 /* GoogleService-Info.plist */; };
		582E11B91E8ABCC50074ADE1 /* SignInViewController.swift in Sources */ = {isa = PBXBuildFile; fileRef = 582E11B81E8ABCC50074ADE1 /* SignInViewController.swift */; };
		582E11BB1E8B045D0074ADE1 /* MeasurementHelper.swift in Sources */ = {isa = PBXBuildFile; fileRef = 582E11BA1E8B045D0074ADE1 /* MeasurementHelper.swift */; };
		582E11BD1E8B1D2D0074ADE1 /* ELViewController.swift in Sources */ = {isa = PBXBuildFile; fileRef = 582E11BC1E8B1D2D0074ADE1 /* ELViewController.swift */; };
		582E11C11E8B38E30074ADE1 /* Constants.swift in Sources */ = {isa = PBXBuildFile; fileRef = 582E11C01E8B38E30074ADE1 /* Constants.swift */; };
		582E11C51E9597FB0074ADE1 /* Badges.swift in Sources */ = {isa = PBXBuildFile; fileRef = 582E11C41E9597FB0074ADE1 /* Badges.swift */; };
		585297FA1E74718B0011B2E3 /* IndividualEntryViewController.swift in Sources */ = {isa = PBXBuildFile; fileRef = 585297F91E74718B0011B2E3 /* IndividualEntryViewController.swift */; };
		5852980A1E76D4B10011B2E3 /* Extensions.swift in Sources */ = {isa = PBXBuildFile; fileRef = 585298091E76D4B10011B2E3 /* Extensions.swift */; };
		585298211E7A1E040011B2E3 /* Dosis-Bold.ttf in Resources */ = {isa = PBXBuildFile; fileRef = 585298191E7A1E040011B2E3 /* Dosis-Bold.ttf */; };
		585298221E7A1E040011B2E3 /* Dosis-ExtraBold.ttf in Resources */ = {isa = PBXBuildFile; fileRef = 5852981A1E7A1E040011B2E3 /* Dosis-ExtraBold.ttf */; };
		585298231E7A1E040011B2E3 /* Dosis-ExtraLight.ttf in Resources */ = {isa = PBXBuildFile; fileRef = 5852981B1E7A1E040011B2E3 /* Dosis-ExtraLight.ttf */; };
		585298241E7A1E040011B2E3 /* Dosis-Light.ttf in Resources */ = {isa = PBXBuildFile; fileRef = 5852981C1E7A1E040011B2E3 /* Dosis-Light.ttf */; };
		585298251E7A1E040011B2E3 /* Dosis-Medium.ttf in Resources */ = {isa = PBXBuildFile; fileRef = 5852981D1E7A1E040011B2E3 /* Dosis-Medium.ttf */; };
		585298261E7A1E040011B2E3 /* Dosis-Regular.ttf in Resources */ = {isa = PBXBuildFile; fileRef = 5852981E1E7A1E040011B2E3 /* Dosis-Regular.ttf */; };
		585298271E7A1E040011B2E3 /* Dosis-SemiBold.ttf in Resources */ = {isa = PBXBuildFile; fileRef = 5852981F1E7A1E040011B2E3 /* Dosis-SemiBold.ttf */; };
		585298281E7A1E040011B2E3 /* OFL.txt in Resources */ = {isa = PBXBuildFile; fileRef = 585298201E7A1E040011B2E3 /* OFL.txt */; };
		58FFEBC91E7F0F40003523C5 /* StatsViewController.swift in Sources */ = {isa = PBXBuildFile; fileRef = 58FFEBC81E7F0F40003523C5 /* StatsViewController.swift */; };
		58FFEBD51E817C08003523C5 /* MainViewController.swift in Sources */ = {isa = PBXBuildFile; fileRef = 58FFEBD41E817C08003523C5 /* MainViewController.swift */; };
		8ADD5C9478BB01739E9EF289 /* Pods_Blanket.framework in Frameworks */ = {isa = PBXBuildFile; fileRef = F210F8755DF50D7DF7D7A4C0 /* Pods_Blanket.framework */; };
/* End PBXBuildFile section */

/* Begin PBXContainerItemProxy section */
		581DA3C11E70D66C0051C64B /* PBXContainerItemProxy */ = {
			isa = PBXContainerItemProxy;
			containerPortal = 581DA3A11E70D66B0051C64B /* Project object */;
			proxyType = 1;
			remoteGlobalIDString = 581DA3A81E70D66B0051C64B;
			remoteInfo = Blanket;
		};
		581DA3CC1E70D66C0051C64B /* PBXContainerItemProxy */ = {
			isa = PBXContainerItemProxy;
			containerPortal = 581DA3A11E70D66B0051C64B /* Project object */;
			proxyType = 1;
			remoteGlobalIDString = 581DA3A81E70D66B0051C64B;
			remoteInfo = Blanket;
		};
/* End PBXContainerItemProxy section */

/* Begin PBXFileReference section */
		01F62AD5976AA08C5764A39F /* Pods-Blanket.release.xcconfig */ = {isa = PBXFileReference; includeInIndex = 1; lastKnownFileType = text.xcconfig; name = "Pods-Blanket.release.xcconfig"; path = "Pods/Target Support Files/Pods-Blanket/Pods-Blanket.release.xcconfig"; sourceTree = "<group>"; };
		0D669369AF6CBBBDABBBF907 /* Pods-BlanketTests.release.xcconfig */ = {isa = PBXFileReference; includeInIndex = 1; lastKnownFileType = text.xcconfig; name = "Pods-BlanketTests.release.xcconfig"; path = "Pods/Target Support Files/Pods-BlanketTests/Pods-BlanketTests.release.xcconfig"; sourceTree = "<group>"; };
		22C221EC26499480EC12A8C7 /* Pods-BlanketTests.debug.xcconfig */ = {isa = PBXFileReference; includeInIndex = 1; lastKnownFileType = text.xcconfig; name = "Pods-BlanketTests.debug.xcconfig"; path = "Pods/Target Support Files/Pods-BlanketTests/Pods-BlanketTests.debug.xcconfig"; sourceTree = "<group>"; };
		2F3549D8732BBE76514189A3 /* Pods_BlanketUITests.framework */ = {isa = PBXFileReference; explicitFileType = wrapper.framework; includeInIndex = 0; path = Pods_BlanketUITests.framework; sourceTree = BUILT_PRODUCTS_DIR; };
		3FBF83373C439FFAB0DE777D /* Pods_BlanketTests.framework */ = {isa = PBXFileReference; explicitFileType = wrapper.framework; includeInIndex = 0; path = Pods_BlanketTests.framework; sourceTree = BUILT_PRODUCTS_DIR; };
		580106791EA2A8420046D252 /* RatingViewController.swift */ = {isa = PBXFileReference; fileEncoding = 4; lastKnownFileType = sourcecode.swift; path = RatingViewController.swift; sourceTree = "<group>"; };
		5801067F1EA2C0270046D252 /* RatingViewController.xib */ = {isa = PBXFileReference; fileEncoding = 4; lastKnownFileType = file.xib; path = RatingViewController.xib; sourceTree = "<group>"; };
		580159091E81C82D008D934E /* BadgesViewController.swift */ = {isa = PBXFileReference; fileEncoding = 4; lastKnownFileType = sourcecode.swift; path = BadgesViewController.swift; sourceTree = "<group>"; };
		5801590D1E81C997008D934E /* CollectionCellView.swift */ = {isa = PBXFileReference; fileEncoding = 4; lastKnownFileType = sourcecode.swift; path = CollectionCellView.swift; sourceTree = "<group>"; };
		5801590F1E81CC93008D934E /* Calendar */ = {isa = PBXFileReference; lastKnownFileType = folder; path = Calendar; sourceTree = "<group>"; };
		580159111E81D543008D934E /* Resources */ = {isa = PBXFileReference; lastKnownFileType = folder; path = Resources; sourceTree = "<group>"; };
		581DA3A91E70D66B0051C64B /* Blanket.app */ = {isa = PBXFileReference; explicitFileType = wrapper.application; includeInIndex = 0; path = Blanket.app; sourceTree = BUILT_PRODUCTS_DIR; };
		581DA3AC1E70D66B0051C64B /* AppDelegate.swift */ = {isa = PBXFileReference; lastKnownFileType = sourcecode.swift; path = AppDelegate.swift; sourceTree = "<group>"; };
		581DA3B11E70D66B0051C64B /* Base */ = {isa = PBXFileReference; lastKnownFileType = file.storyboard; name = Base; path = Base.lproj/Main.storyboard; sourceTree = "<group>"; };
		581DA3B41E70D66B0051C64B /* Blanket.xcdatamodel */ = {isa = PBXFileReference; lastKnownFileType = wrapper.xcdatamodel; path = Blanket.xcdatamodel; sourceTree = "<group>"; };
		581DA3B61E70D66B0051C64B /* Assets.xcassets */ = {isa = PBXFileReference; lastKnownFileType = folder.assetcatalog; path = Assets.xcassets; sourceTree = "<group>"; };
		581DA3B91E70D66B0051C64B /* Base */ = {isa = PBXFileReference; lastKnownFileType = file.storyboard; name = Base; path = Base.lproj/LaunchScreen.storyboard; sourceTree = "<group>"; };
		581DA3BB1E70D66B0051C64B /* Info.plist */ = {isa = PBXFileReference; lastKnownFileType = text.plist.xml; path = Info.plist; sourceTree = "<group>"; };
		581DA3C01E70D66C0051C64B /* BlanketTests.xctest */ = {isa = PBXFileReference; explicitFileType = wrapper.cfbundle; includeInIndex = 0; path = BlanketTests.xctest; sourceTree = BUILT_PRODUCTS_DIR; };
		581DA3C41E70D66C0051C64B /* BlanketTests.swift */ = {isa = PBXFileReference; lastKnownFileType = sourcecode.swift; path = BlanketTests.swift; sourceTree = "<group>"; };
		581DA3C61E70D66C0051C64B /* Info.plist */ = {isa = PBXFileReference; lastKnownFileType = text.plist.xml; path = Info.plist; sourceTree = "<group>"; };
		581DA3CB1E70D66C0051C64B /* BlanketUITests.xctest */ = {isa = PBXFileReference; explicitFileType = wrapper.cfbundle; includeInIndex = 0; path = BlanketUITests.xctest; sourceTree = BUILT_PRODUCTS_DIR; };
		581DA3CF1E70D66C0051C64B /* BlanketUITests.swift */ = {isa = PBXFileReference; lastKnownFileType = sourcecode.swift; path = BlanketUITests.swift; sourceTree = "<group>"; };
		581DA3D11E70D66C0051C64B /* Info.plist */ = {isa = PBXFileReference; lastKnownFileType = text.plist.xml; path = Info.plist; sourceTree = "<group>"; };
		581DA3E51E70EB7F0051C64B /* InputViewController.swift */ = {isa = PBXFileReference; fileEncoding = 4; lastKnownFileType = sourcecode.swift; path = InputViewController.swift; sourceTree = "<group>"; };
		582C3E461EA0126000DC1698 /* GoalsViewController.swift */ = {isa = PBXFileReference; fileEncoding = 4; lastKnownFileType = sourcecode.swift; path = GoalsViewController.swift; sourceTree = "<group>"; };
		582E11B61E8AB8EC0074ADE1 /* GoogleService-Info.plist */ = {isa = PBXFileReference; fileEncoding = 4; lastKnownFileType = text.plist.xml; path = "GoogleService-Info.plist"; sourceTree = "<group>"; };
		582E11B81E8ABCC50074ADE1 /* SignInViewController.swift */ = {isa = PBXFileReference; fileEncoding = 4; lastKnownFileType = sourcecode.swift; path = SignInViewController.swift; sourceTree = "<group>"; };
		582E11BA1E8B045D0074ADE1 /* MeasurementHelper.swift */ = {isa = PBXFileReference; fileEncoding = 4; lastKnownFileType = sourcecode.swift; path = MeasurementHelper.swift; sourceTree = "<group>"; };
		582E11BC1E8B1D2D0074ADE1 /* ELViewController.swift */ = {isa = PBXFileReference; fileEncoding = 4; lastKnownFileType = sourcecode.swift; path = ELViewController.swift; sourceTree = "<group>"; };
		582E11C01E8B38E30074ADE1 /* Constants.swift */ = {isa = PBXFileReference; fileEncoding = 4; lastKnownFileType = sourcecode.swift; path = Constants.swift; sourceTree = "<group>"; };
		582E11C41E9597FB0074ADE1 /* Badges.swift */ = {isa = PBXFileReference; fileEncoding = 4; lastKnownFileType = sourcecode.swift; path = Badges.swift; sourceTree = "<group>"; };
		585297F91E74718B0011B2E3 /* IndividualEntryViewController.swift */ = {isa = PBXFileReference; fileEncoding = 4; lastKnownFileType = sourcecode.swift; name = IndividualEntryViewController.swift; path = ../IndividualEntryViewController.swift; sourceTree = "<group>"; };
		585298091E76D4B10011B2E3 /* Extensions.swift */ = {isa = PBXFileReference; fileEncoding = 4; lastKnownFileType = sourcecode.swift; path = Extensions.swift; sourceTree = "<group>"; };
		585298191E7A1E040011B2E3 /* Dosis-Bold.ttf */ = {isa = PBXFileReference; lastKnownFileType = file; name = "Dosis-Bold.ttf"; path = "Resources/Dosis-Bold.ttf"; sourceTree = "<group>"; };
		5852981A1E7A1E040011B2E3 /* Dosis-ExtraBold.ttf */ = {isa = PBXFileReference; lastKnownFileType = file; name = "Dosis-ExtraBold.ttf"; path = "Resources/Dosis-ExtraBold.ttf"; sourceTree = "<group>"; };
		5852981B1E7A1E040011B2E3 /* Dosis-ExtraLight.ttf */ = {isa = PBXFileReference; lastKnownFileType = file; name = "Dosis-ExtraLight.ttf"; path = "Resources/Dosis-ExtraLight.ttf"; sourceTree = "<group>"; };
		5852981C1E7A1E040011B2E3 /* Dosis-Light.ttf */ = {isa = PBXFileReference; lastKnownFileType = file; name = "Dosis-Light.ttf"; path = "Resources/Dosis-Light.ttf"; sourceTree = "<group>"; };
		5852981D1E7A1E040011B2E3 /* Dosis-Medium.ttf */ = {isa = PBXFileReference; lastKnownFileType = file; name = "Dosis-Medium.ttf"; path = "Resources/Dosis-Medium.ttf"; sourceTree = "<group>"; };
		5852981E1E7A1E040011B2E3 /* Dosis-Regular.ttf */ = {isa = PBXFileReference; lastKnownFileType = file; name = "Dosis-Regular.ttf"; path = "Resources/Dosis-Regular.ttf"; sourceTree = "<group>"; };
		5852981F1E7A1E040011B2E3 /* Dosis-SemiBold.ttf */ = {isa = PBXFileReference; lastKnownFileType = file; name = "Dosis-SemiBold.ttf"; path = "Resources/Dosis-SemiBold.ttf"; sourceTree = "<group>"; };
		585298201E7A1E040011B2E3 /* OFL.txt */ = {isa = PBXFileReference; fileEncoding = 4; lastKnownFileType = text; name = OFL.txt; path = Resources/OFL.txt; sourceTree = "<group>"; };
		58FFEBC81E7F0F40003523C5 /* StatsViewController.swift */ = {isa = PBXFileReference; fileEncoding = 4; lastKnownFileType = sourcecode.swift; path = StatsViewController.swift; sourceTree = "<group>"; };
		58FFEBD41E817C08003523C5 /* MainViewController.swift */ = {isa = PBXFileReference; fileEncoding = 4; lastKnownFileType = sourcecode.swift; path = MainViewController.swift; sourceTree = "<group>"; };
		75B92434C61436E1FCCB85A6 /* Pods-BlanketUITests.release.xcconfig */ = {isa = PBXFileReference; includeInIndex = 1; lastKnownFileType = text.xcconfig; name = "Pods-BlanketUITests.release.xcconfig"; path = "Pods/Target Support Files/Pods-BlanketUITests/Pods-BlanketUITests.release.xcconfig"; sourceTree = "<group>"; };
		C4F866F5A230DFD16B11187E /* Pods-Blanket.debug.xcconfig */ = {isa = PBXFileReference; includeInIndex = 1; lastKnownFileType = text.xcconfig; name = "Pods-Blanket.debug.xcconfig"; path = "Pods/Target Support Files/Pods-Blanket/Pods-Blanket.debug.xcconfig"; sourceTree = "<group>"; };
		D553F578BB8EE71E6443B6DC /* Pods-BlanketUITests.debug.xcconfig */ = {isa = PBXFileReference; includeInIndex = 1; lastKnownFileType = text.xcconfig; name = "Pods-BlanketUITests.debug.xcconfig"; path = "Pods/Target Support Files/Pods-BlanketUITests/Pods-BlanketUITests.debug.xcconfig"; sourceTree = "<group>"; };
		F210F8755DF50D7DF7D7A4C0 /* Pods_Blanket.framework */ = {isa = PBXFileReference; explicitFileType = wrapper.framework; includeInIndex = 0; path = Pods_Blanket.framework; sourceTree = BUILT_PRODUCTS_DIR; };
/* End PBXFileReference section */

/* Begin PBXFrameworksBuildPhase section */
		581DA3A61E70D66B0051C64B /* Frameworks */ = {
			isa = PBXFrameworksBuildPhase;
			buildActionMask = 2147483647;
			files = (
				8ADD5C9478BB01739E9EF289 /* Pods_Blanket.framework in Frameworks */,
			);
			runOnlyForDeploymentPostprocessing = 0;
		};
		581DA3BD1E70D66C0051C64B /* Frameworks */ = {
			isa = PBXFrameworksBuildPhase;
			buildActionMask = 2147483647;
			files = (
				2B7A1CD99C12D2B02EFF1DEC /* Pods_BlanketTests.framework in Frameworks */,
			);
			runOnlyForDeploymentPostprocessing = 0;
		};
		581DA3C81E70D66C0051C64B /* Frameworks */ = {
			isa = PBXFrameworksBuildPhase;
			buildActionMask = 2147483647;
			files = (
				17D21BBDB4F5BD123260170C /* Pods_BlanketUITests.framework in Frameworks */,
			);
			runOnlyForDeploymentPostprocessing = 0;
		};
/* End PBXFrameworksBuildPhase section */

/* Begin PBXGroup section */
		581DA3A01E70D66B0051C64B = {
			isa = PBXGroup;
			children = (
				582E11B61E8AB8EC0074ADE1 /* GoogleService-Info.plist */,
				581DA3AB1E70D66B0051C64B /* Blanket */,
				585298181E7A1DDE0011B2E3 /* Fonts */,
				581DA3C31E70D66C0051C64B /* BlanketTests */,
				581DA3CE1E70D66C0051C64B /* BlanketUITests */,
				581DA3AA1E70D66B0051C64B /* Products */,
				F378CF48E9F283A512B08EE1 /* Pods */,
				7E0C80D58E384897BAF596A0 /* Frameworks */,
			);
			sourceTree = "<group>";
		};
		581DA3AA1E70D66B0051C64B /* Products */ = {
			isa = PBXGroup;
			children = (
				581DA3A91E70D66B0051C64B /* Blanket.app */,
				581DA3C01E70D66C0051C64B /* BlanketTests.xctest */,
				581DA3CB1E70D66C0051C64B /* BlanketUITests.xctest */,
			);
			name = Products;
			sourceTree = "<group>";
		};
		581DA3AB1E70D66B0051C64B /* Blanket */ = {
			isa = PBXGroup;
			children = (
				5801590F1E81CC93008D934E /* Calendar */,
				5801590D1E81C997008D934E /* CollectionCellView.swift */,
				580106791EA2A8420046D252 /* RatingViewController.swift */,
				5801067F1EA2C0270046D252 /* RatingViewController.xib */,
				585298091E76D4B10011B2E3 /* Extensions.swift */,
				585297F91E74718B0011B2E3 /* IndividualEntryViewController.swift */,
				581DA3AC1E70D66B0051C64B /* AppDelegate.swift */,
				581DA3B01E70D66B0051C64B /* Main.storyboard */,
				582C3E461EA0126000DC1698 /* GoalsViewController.swift */,
				582E11C01E8B38E30074ADE1 /* Constants.swift */,
				582E11C41E9597FB0074ADE1 /* Badges.swift */,
				582E11B81E8ABCC50074ADE1 /* SignInViewController.swift */,
				582E11BA1E8B045D0074ADE1 /* MeasurementHelper.swift */,
				580159091E81C82D008D934E /* BadgesViewController.swift */,
				58FFEBD41E817C08003523C5 /* MainViewController.swift */,
				58FFEBC81E7F0F40003523C5 /* StatsViewController.swift */,
				582E11BC1E8B1D2D0074ADE1 /* ELViewController.swift */,
				581DA3E51E70EB7F0051C64B /* InputViewController.swift */,
				581DA3B61E70D66B0051C64B /* Assets.xcassets */,
				581DA3B81E70D66B0051C64B /* LaunchScreen.storyboard */,
				581DA3BB1E70D66B0051C64B /* Info.plist */,
				581DA3B31E70D66B0051C64B /* Blanket.xcdatamodeld */,
			);
			path = Blanket;
			sourceTree = "<group>";
		};
		581DA3C31E70D66C0051C64B /* BlanketTests */ = {
			isa = PBXGroup;
			children = (
				581DA3C41E70D66C0051C64B /* BlanketTests.swift */,
				581DA3C61E70D66C0051C64B /* Info.plist */,
			);
			path = BlanketTests;
			sourceTree = "<group>";
		};
		581DA3CE1E70D66C0051C64B /* BlanketUITests */ = {
			isa = PBXGroup;
			children = (
				581DA3CF1E70D66C0051C64B /* BlanketUITests.swift */,
				581DA3D11E70D66C0051C64B /* Info.plist */,
			);
			path = BlanketUITests;
			sourceTree = "<group>";
		};
		585298181E7A1DDE0011B2E3 /* Fonts */ = {
			isa = PBXGroup;
			children = (
				585298191E7A1E040011B2E3 /* Dosis-Bold.ttf */,
				5852981A1E7A1E040011B2E3 /* Dosis-ExtraBold.ttf */,
				5852981B1E7A1E040011B2E3 /* Dosis-ExtraLight.ttf */,
				5852981C1E7A1E040011B2E3 /* Dosis-Light.ttf */,
				5852981D1E7A1E040011B2E3 /* Dosis-Medium.ttf */,
				5852981E1E7A1E040011B2E3 /* Dosis-Regular.ttf */,
				5852981F1E7A1E040011B2E3 /* Dosis-SemiBold.ttf */,
				585298201E7A1E040011B2E3 /* OFL.txt */,
			);
			name = Fonts;
			sourceTree = "<group>";
		};
		7E0C80D58E384897BAF596A0 /* Frameworks */ = {
			isa = PBXGroup;
			children = (
				F210F8755DF50D7DF7D7A4C0 /* Pods_Blanket.framework */,
				3FBF83373C439FFAB0DE777D /* Pods_BlanketTests.framework */,
				2F3549D8732BBE76514189A3 /* Pods_BlanketUITests.framework */,
			);
			name = Frameworks;
			sourceTree = "<group>";
		};
		F378CF48E9F283A512B08EE1 /* Pods */ = {
			isa = PBXGroup;
			children = (
				580159111E81D543008D934E /* Resources */,
				C4F866F5A230DFD16B11187E /* Pods-Blanket.debug.xcconfig */,
				01F62AD5976AA08C5764A39F /* Pods-Blanket.release.xcconfig */,
				22C221EC26499480EC12A8C7 /* Pods-BlanketTests.debug.xcconfig */,
				0D669369AF6CBBBDABBBF907 /* Pods-BlanketTests.release.xcconfig */,
				D553F578BB8EE71E6443B6DC /* Pods-BlanketUITests.debug.xcconfig */,
				75B92434C61436E1FCCB85A6 /* Pods-BlanketUITests.release.xcconfig */,
			);
			name = Pods;
			sourceTree = "<group>";
		};
/* End PBXGroup section */

/* Begin PBXNativeTarget section */
		581DA3A81E70D66B0051C64B /* Blanket */ = {
			isa = PBXNativeTarget;
			buildConfigurationList = 581DA3D41E70D66C0051C64B /* Build configuration list for PBXNativeTarget "Blanket" */;
			buildPhases = (
				0FA52981904E78F72A0E3925 /* [CP] Check Pods Manifest.lock */,
				581DA3A51E70D66B0051C64B /* Sources */,
				581DA3A61E70D66B0051C64B /* Frameworks */,
				581DA3A71E70D66B0051C64B /* Resources */,
				F78866C26509C7F8408D89B7 /* [CP] Embed Pods Frameworks */,
				2090BA2282EDAA735BBA4467 /* [CP] Copy Pods Resources */,
			);
			buildRules = (
			);
			dependencies = (
			);
			name = Blanket;
			productName = Blanket;
			productReference = 581DA3A91E70D66B0051C64B /* Blanket.app */;
			productType = "com.apple.product-type.application";
		};
		581DA3BF1E70D66C0051C64B /* BlanketTests */ = {
			isa = PBXNativeTarget;
			buildConfigurationList = 581DA3D71E70D66C0051C64B /* Build configuration list for PBXNativeTarget "BlanketTests" */;
			buildPhases = (
				84B1DF5F0BC4326F6BA40383 /* [CP] Check Pods Manifest.lock */,
				581DA3BC1E70D66C0051C64B /* Sources */,
				581DA3BD1E70D66C0051C64B /* Frameworks */,
				581DA3BE1E70D66C0051C64B /* Resources */,
				39F0929E6A22A42483A97AE1 /* [CP] Embed Pods Frameworks */,
				CBEACE233889CE4DB63F1055 /* [CP] Copy Pods Resources */,
			);
			buildRules = (
			);
			dependencies = (
				581DA3C21E70D66C0051C64B /* PBXTargetDependency */,
			);
			name = BlanketTests;
			productName = BlanketTests;
			productReference = 581DA3C01E70D66C0051C64B /* BlanketTests.xctest */;
			productType = "com.apple.product-type.bundle.unit-test";
		};
		581DA3CA1E70D66C0051C64B /* BlanketUITests */ = {
			isa = PBXNativeTarget;
			buildConfigurationList = 581DA3DA1E70D66C0051C64B /* Build configuration list for PBXNativeTarget "BlanketUITests" */;
			buildPhases = (
				31AAD6C4390DFAAFE34A45C0 /* [CP] Check Pods Manifest.lock */,
				581DA3C71E70D66C0051C64B /* Sources */,
				581DA3C81E70D66C0051C64B /* Frameworks */,
				581DA3C91E70D66C0051C64B /* Resources */,
				14C7CB07B58EE2E6823C78B8 /* [CP] Embed Pods Frameworks */,
				430B3A5EA87AE1B8B90596D7 /* [CP] Copy Pods Resources */,
			);
			buildRules = (
			);
			dependencies = (
				581DA3CD1E70D66C0051C64B /* PBXTargetDependency */,
			);
			name = BlanketUITests;
			productName = BlanketUITests;
			productReference = 581DA3CB1E70D66C0051C64B /* BlanketUITests.xctest */;
			productType = "com.apple.product-type.bundle.ui-testing";
		};
/* End PBXNativeTarget section */

/* Begin PBXProject section */
		581DA3A11E70D66B0051C64B /* Project object */ = {
			isa = PBXProject;
			attributes = {
				LastSwiftUpdateCheck = 0820;
				LastUpgradeCheck = 0820;
				ORGANIZATIONNAME = "Marvin Nguyen";
				TargetAttributes = {
					581DA3A81E70D66B0051C64B = {
						CreatedOnToolsVersion = 8.2.1;
						DevelopmentTeam = 9PX3VD966J;
						ProvisioningStyle = Automatic;
					};
					581DA3BF1E70D66C0051C64B = {
						CreatedOnToolsVersion = 8.2.1;
						ProvisioningStyle = Automatic;
						TestTargetID = 581DA3A81E70D66B0051C64B;
					};
					581DA3CA1E70D66C0051C64B = {
						CreatedOnToolsVersion = 8.2.1;
						ProvisioningStyle = Automatic;
						TestTargetID = 581DA3A81E70D66B0051C64B;
					};
				};
			};
			buildConfigurationList = 581DA3A41E70D66B0051C64B /* Build configuration list for PBXProject "Blanket" */;
			compatibilityVersion = "Xcode 3.2";
			developmentRegion = English;
			hasScannedForEncodings = 0;
			knownRegions = (
				en,
				Base,
			);
			mainGroup = 581DA3A01E70D66B0051C64B;
			productRefGroup = 581DA3AA1E70D66B0051C64B /* Products */;
			projectDirPath = "";
			projectRoot = "";
			targets = (
				581DA3A81E70D66B0051C64B /* Blanket */,
				581DA3BF1E70D66C0051C64B /* BlanketTests */,
				581DA3CA1E70D66C0051C64B /* BlanketUITests */,
			);
		};
/* End PBXProject section */

/* Begin PBXResourcesBuildPhase section */
		581DA3A71E70D66B0051C64B /* Resources */ = {
			isa = PBXResourcesBuildPhase;
			buildActionMask = 2147483647;
			files = (
				585298281E7A1E040011B2E3 /* OFL.txt in Resources */,
				585298261E7A1E040011B2E3 /* Dosis-Regular.ttf in Resources */,
				585298221E7A1E040011B2E3 /* Dosis-ExtraBold.ttf in Resources */,
				585298211E7A1E040011B2E3 /* Dosis-Bold.ttf in Resources */,
				581DA3BA1E70D66B0051C64B /* LaunchScreen.storyboard in Resources */,
				585298231E7A1E040011B2E3 /* Dosis-ExtraLight.ttf in Resources */,
				585298241E7A1E040011B2E3 /* Dosis-Light.ttf in Resources */,
				582E11B71E8AB8EC0074ADE1 /* GoogleService-Info.plist in Resources */,
				580159101E81CC93008D934E /* Calendar in Resources */,
				585298251E7A1E040011B2E3 /* Dosis-Medium.ttf in Resources */,
				581DA3B71E70D66B0051C64B /* Assets.xcassets in Resources */,
				580106801EA2C0270046D252 /* RatingViewController.xib in Resources */,
				585298271E7A1E040011B2E3 /* Dosis-SemiBold.ttf in Resources */,
				581DA3B21E70D66B0051C64B /* Main.storyboard in Resources */,
			);
			runOnlyForDeploymentPostprocessing = 0;
		};
		581DA3BE1E70D66C0051C64B /* Resources */ = {
			isa = PBXResourcesBuildPhase;
			buildActionMask = 2147483647;
			files = (
			);
			runOnlyForDeploymentPostprocessing = 0;
		};
		581DA3C91E70D66C0051C64B /* Resources */ = {
			isa = PBXResourcesBuildPhase;
			buildActionMask = 2147483647;
			files = (
			);
			runOnlyForDeploymentPostprocessing = 0;
		};
/* End PBXResourcesBuildPhase section */

/* Begin PBXShellScriptBuildPhase section */
		0FA52981904E78F72A0E3925 /* [CP] Check Pods Manifest.lock */ = {
			isa = PBXShellScriptBuildPhase;
			buildActionMask = 2147483647;
			files = (
			);
			inputPaths = (
			);
			name = "[CP] Check Pods Manifest.lock";
			outputPaths = (
			);
			runOnlyForDeploymentPostprocessing = 0;
			shellPath = /bin/sh;
			shellScript = "diff \"${PODS_ROOT}/../Podfile.lock\" \"${PODS_ROOT}/Manifest.lock\" > /dev/null\nif [ $? != 0 ] ; then\n    # print error to STDERR\n    echo \"error: The sandbox is not in sync with the Podfile.lock. Run 'pod install' or update your CocoaPods installation.\" >&2\n    exit 1\nfi\n";
			showEnvVarsInLog = 0;
		};
		14C7CB07B58EE2E6823C78B8 /* [CP] Embed Pods Frameworks */ = {
			isa = PBXShellScriptBuildPhase;
			buildActionMask = 2147483647;
			files = (
			);
			inputPaths = (
			);
			name = "[CP] Embed Pods Frameworks";
			outputPaths = (
			);
			runOnlyForDeploymentPostprocessing = 0;
			shellPath = /bin/sh;
			shellScript = "\"${SRCROOT}/Pods/Target Support Files/Pods-BlanketUITests/Pods-BlanketUITests-frameworks.sh\"\n";
			showEnvVarsInLog = 0;
		};
		2090BA2282EDAA735BBA4467 /* [CP] Copy Pods Resources */ = {
			isa = PBXShellScriptBuildPhase;
			buildActionMask = 2147483647;
			files = (
			);
			inputPaths = (
			);
			name = "[CP] Copy Pods Resources";
			outputPaths = (
			);
			runOnlyForDeploymentPostprocessing = 0;
			shellPath = /bin/sh;
			shellScript = "\"${SRCROOT}/Pods/Target Support Files/Pods-Blanket/Pods-Blanket-resources.sh\"\n";
			showEnvVarsInLog = 0;
		};
		31AAD6C4390DFAAFE34A45C0 /* [CP] Check Pods Manifest.lock */ = {
			isa = PBXShellScriptBuildPhase;
			buildActionMask = 2147483647;
			files = (
			);
			inputPaths = (
			);
			name = "[CP] Check Pods Manifest.lock";
			outputPaths = (
			);
			runOnlyForDeploymentPostprocessing = 0;
			shellPath = /bin/sh;
			shellScript = "diff \"${PODS_ROOT}/../Podfile.lock\" \"${PODS_ROOT}/Manifest.lock\" > /dev/null\nif [ $? != 0 ] ; then\n    # print error to STDERR\n    echo \"error: The sandbox is not in sync with the Podfile.lock. Run 'pod install' or update your CocoaPods installation.\" >&2\n    exit 1\nfi\n";
			showEnvVarsInLog = 0;
		};
		39F0929E6A22A42483A97AE1 /* [CP] Embed Pods Frameworks */ = {
			isa = PBXShellScriptBuildPhase;
			buildActionMask = 2147483647;
			files = (
			);
			inputPaths = (
			);
			name = "[CP] Embed Pods Frameworks";
			outputPaths = (
			);
			runOnlyForDeploymentPostprocessing = 0;
			shellPath = /bin/sh;
			shellScript = "\"${SRCROOT}/Pods/Target Support Files/Pods-BlanketTests/Pods-BlanketTests-frameworks.sh\"\n";
			showEnvVarsInLog = 0;
		};
		430B3A5EA87AE1B8B90596D7 /* [CP] Copy Pods Resources */ = {
			isa = PBXShellScriptBuildPhase;
			buildActionMask = 2147483647;
			files = (
			);
			inputPaths = (
			);
			name = "[CP] Copy Pods Resources";
			outputPaths = (
			);
			runOnlyForDeploymentPostprocessing = 0;
			shellPath = /bin/sh;
			shellScript = "\"${SRCROOT}/Pods/Target Support Files/Pods-BlanketUITests/Pods-BlanketUITests-resources.sh\"\n";
			showEnvVarsInLog = 0;
		};
		84B1DF5F0BC4326F6BA40383 /* [CP] Check Pods Manifest.lock */ = {
			isa = PBXShellScriptBuildPhase;
			buildActionMask = 2147483647;
			files = (
			);
			inputPaths = (
			);
			name = "[CP] Check Pods Manifest.lock";
			outputPaths = (
			);
			runOnlyForDeploymentPostprocessing = 0;
			shellPath = /bin/sh;
			shellScript = "diff \"${PODS_ROOT}/../Podfile.lock\" \"${PODS_ROOT}/Manifest.lock\" > /dev/null\nif [ $? != 0 ] ; then\n    # print error to STDERR\n    echo \"error: The sandbox is not in sync with the Podfile.lock. Run 'pod install' or update your CocoaPods installation.\" >&2\n    exit 1\nfi\n";
			showEnvVarsInLog = 0;
		};
		CBEACE233889CE4DB63F1055 /* [CP] Copy Pods Resources */ = {
			isa = PBXShellScriptBuildPhase;
			buildActionMask = 2147483647;
			files = (
			);
			inputPaths = (
			);
			name = "[CP] Copy Pods Resources";
			outputPaths = (
			);
			runOnlyForDeploymentPostprocessing = 0;
			shellPath = /bin/sh;
			shellScript = "\"${SRCROOT}/Pods/Target Support Files/Pods-BlanketTests/Pods-BlanketTests-resources.sh\"\n";
			showEnvVarsInLog = 0;
		};
		F78866C26509C7F8408D89B7 /* [CP] Embed Pods Frameworks */ = {
			isa = PBXShellScriptBuildPhase;
			buildActionMask = 2147483647;
			files = (
			);
			inputPaths = (
			);
			name = "[CP] Embed Pods Frameworks";
			outputPaths = (
			);
			runOnlyForDeploymentPostprocessing = 0;
			shellPath = /bin/sh;
			shellScript = "\"${SRCROOT}/Pods/Target Support Files/Pods-Blanket/Pods-Blanket-frameworks.sh\"\n";
			showEnvVarsInLog = 0;
		};
/* End PBXShellScriptBuildPhase section */

/* Begin PBXSourcesBuildPhase section */
		581DA3A51E70D66B0051C64B /* Sources */ = {
			isa = PBXSourcesBuildPhase;
			buildActionMask = 2147483647;
			files = (
				582E11C11E8B38E30074ADE1 /* Constants.swift in Sources */,
				5801590A1E81C82D008D934E /* BadgesViewController.swift in Sources */,
				582E11BD1E8B1D2D0074ADE1 /* ELViewController.swift in Sources */,
				585297FA1E74718B0011B2E3 /* IndividualEntryViewController.swift in Sources */,
				581DA3E61E70EB7F0051C64B /* InputViewController.swift in Sources */,
				582E11BB1E8B045D0074ADE1 /* MeasurementHelper.swift in Sources */,
				58FFEBD51E817C08003523C5 /* MainViewController.swift in Sources */,
				5801590E1E81C997008D934E /* CollectionCellView.swift in Sources */,
				58FFEBC91E7F0F40003523C5 /* StatsViewController.swift in Sources */,
				5801067A1EA2A8420046D252 /* RatingViewController.swift in Sources */,
				5852980A1E76D4B10011B2E3 /* Extensions.swift in Sources */,
				582E11B91E8ABCC50074ADE1 /* SignInViewController.swift in Sources */,
				582E11C51E9597FB0074ADE1 /* Badges.swift in Sources */,
				581DA3B51E70D66B0051C64B /* Blanket.xcdatamodeld in Sources */,
				581DA3AD1E70D66B0051C64B /* AppDelegate.swift in Sources */,
				582C3E471EA0126000DC1698 /* GoalsViewController.swift in Sources */,
			);
			runOnlyForDeploymentPostprocessing = 0;
		};
		581DA3BC1E70D66C0051C64B /* Sources */ = {
			isa = PBXSourcesBuildPhase;
			buildActionMask = 2147483647;
			files = (
				581DA3C51E70D66C0051C64B /* BlanketTests.swift in Sources */,
			);
			runOnlyForDeploymentPostprocessing = 0;
		};
		581DA3C71E70D66C0051C64B /* Sources */ = {
			isa = PBXSourcesBuildPhase;
			buildActionMask = 2147483647;
			files = (
				581DA3D01E70D66C0051C64B /* BlanketUITests.swift in Sources */,
			);
			runOnlyForDeploymentPostprocessing = 0;
		};
/* End PBXSourcesBuildPhase section */

/* Begin PBXTargetDependency section */
		581DA3C21E70D66C0051C64B /* PBXTargetDependency */ = {
			isa = PBXTargetDependency;
			target = 581DA3A81E70D66B0051C64B /* Blanket */;
			targetProxy = 581DA3C11E70D66C0051C64B /* PBXContainerItemProxy */;
		};
		581DA3CD1E70D66C0051C64B /* PBXTargetDependency */ = {
			isa = PBXTargetDependency;
			target = 581DA3A81E70D66B0051C64B /* Blanket */;
			targetProxy = 581DA3CC1E70D66C0051C64B /* PBXContainerItemProxy */;
		};
/* End PBXTargetDependency section */

/* Begin PBXVariantGroup section */
		581DA3B01E70D66B0051C64B /* Main.storyboard */ = {
			isa = PBXVariantGroup;
			children = (
				581DA3B11E70D66B0051C64B /* Base */,
			);
			name = Main.storyboard;
			sourceTree = "<group>";
		};
		581DA3B81E70D66B0051C64B /* LaunchScreen.storyboard */ = {
			isa = PBXVariantGroup;
			children = (
				581DA3B91E70D66B0051C64B /* Base */,
			);
			name = LaunchScreen.storyboard;
			sourceTree = "<group>";
		};
/* End PBXVariantGroup section */

/* Begin XCBuildConfiguration section */
		581DA3D21E70D66C0051C64B /* Debug */ = {
			isa = XCBuildConfiguration;
			buildSettings = {
				ALWAYS_SEARCH_USER_PATHS = NO;
				CLANG_ANALYZER_NONNULL = YES;
				CLANG_CXX_LANGUAGE_STANDARD = "gnu++0x";
				CLANG_CXX_LIBRARY = "libc++";
				CLANG_ENABLE_MODULES = YES;
				CLANG_ENABLE_OBJC_ARC = YES;
				CLANG_WARN_BOOL_CONVERSION = YES;
				CLANG_WARN_CONSTANT_CONVERSION = YES;
				CLANG_WARN_DIRECT_OBJC_ISA_USAGE = YES_ERROR;
				CLANG_WARN_DOCUMENTATION_COMMENTS = YES;
				CLANG_WARN_EMPTY_BODY = YES;
				CLANG_WARN_ENUM_CONVERSION = YES;
				CLANG_WARN_INFINITE_RECURSION = YES;
				CLANG_WARN_INT_CONVERSION = YES;
				CLANG_WARN_OBJC_ROOT_CLASS = YES_ERROR;
				CLANG_WARN_SUSPICIOUS_MOVE = YES;
				CLANG_WARN_UNREACHABLE_CODE = YES;
				CLANG_WARN__DUPLICATE_METHOD_MATCH = YES;
				"CODE_SIGN_IDENTITY[sdk=iphoneos*]" = "iPhone Developer";
				COPY_PHASE_STRIP = NO;
				DEBUG_INFORMATION_FORMAT = dwarf;
				ENABLE_STRICT_OBJC_MSGSEND = YES;
				ENABLE_TESTABILITY = YES;
				GCC_C_LANGUAGE_STANDARD = gnu99;
				GCC_DYNAMIC_NO_PIC = NO;
				GCC_NO_COMMON_BLOCKS = YES;
				GCC_OPTIMIZATION_LEVEL = 0;
				GCC_PREPROCESSOR_DEFINITIONS = (
					"DEBUG=1",
					"$(inherited)",
				);
				GCC_WARN_64_TO_32_BIT_CONVERSION = YES;
				GCC_WARN_ABOUT_RETURN_TYPE = YES_ERROR;
				GCC_WARN_UNDECLARED_SELECTOR = YES;
				GCC_WARN_UNINITIALIZED_AUTOS = YES_AGGRESSIVE;
				GCC_WARN_UNUSED_FUNCTION = YES;
				GCC_WARN_UNUSED_VARIABLE = YES;
				IPHONEOS_DEPLOYMENT_TARGET = 10.2;
				MTL_ENABLE_DEBUG_INFO = YES;
				ONLY_ACTIVE_ARCH = YES;
				SDKROOT = iphoneos;
				SWIFT_ACTIVE_COMPILATION_CONDITIONS = DEBUG;
				SWIFT_OPTIMIZATION_LEVEL = "-Onone";
				TARGETED_DEVICE_FAMILY = "1,2";
			};
			name = Debug;
		};
		581DA3D31E70D66C0051C64B /* Release */ = {
			isa = XCBuildConfiguration;
			buildSettings = {
				ALWAYS_SEARCH_USER_PATHS = NO;
				CLANG_ANALYZER_NONNULL = YES;
				CLANG_CXX_LANGUAGE_STANDARD = "gnu++0x";
				CLANG_CXX_LIBRARY = "libc++";
				CLANG_ENABLE_MODULES = YES;
				CLANG_ENABLE_OBJC_ARC = YES;
				CLANG_WARN_BOOL_CONVERSION = YES;
				CLANG_WARN_CONSTANT_CONVERSION = YES;
				CLANG_WARN_DIRECT_OBJC_ISA_USAGE = YES_ERROR;
				CLANG_WARN_DOCUMENTATION_COMMENTS = YES;
				CLANG_WARN_EMPTY_BODY = YES;
				CLANG_WARN_ENUM_CONVERSION = YES;
				CLANG_WARN_INFINITE_RECURSION = YES;
				CLANG_WARN_INT_CONVERSION = YES;
				CLANG_WARN_OBJC_ROOT_CLASS = YES_ERROR;
				CLANG_WARN_SUSPICIOUS_MOVE = YES;
				CLANG_WARN_UNREACHABLE_CODE = YES;
				CLANG_WARN__DUPLICATE_METHOD_MATCH = YES;
				"CODE_SIGN_IDENTITY[sdk=iphoneos*]" = "iPhone Developer";
				COPY_PHASE_STRIP = NO;
				DEBUG_INFORMATION_FORMAT = "dwarf-with-dsym";
				ENABLE_NS_ASSERTIONS = NO;
				ENABLE_STRICT_OBJC_MSGSEND = YES;
				GCC_C_LANGUAGE_STANDARD = gnu99;
				GCC_NO_COMMON_BLOCKS = YES;
				GCC_WARN_64_TO_32_BIT_CONVERSION = YES;
				GCC_WARN_ABOUT_RETURN_TYPE = YES_ERROR;
				GCC_WARN_UNDECLARED_SELECTOR = YES;
				GCC_WARN_UNINITIALIZED_AUTOS = YES_AGGRESSIVE;
				GCC_WARN_UNUSED_FUNCTION = YES;
				GCC_WARN_UNUSED_VARIABLE = YES;
				IPHONEOS_DEPLOYMENT_TARGET = 10.2;
				MTL_ENABLE_DEBUG_INFO = NO;
				SDKROOT = iphoneos;
				SWIFT_OPTIMIZATION_LEVEL = "-Owholemodule";
				TARGETED_DEVICE_FAMILY = "1,2";
				VALIDATE_PRODUCT = YES;
			};
			name = Release;
		};
		581DA3D51E70D66C0051C64B /* Debug */ = {
			isa = XCBuildConfiguration;
			baseConfigurationReference = C4F866F5A230DFD16B11187E /* Pods-Blanket.debug.xcconfig */;
			buildSettings = {
				ASSETCATALOG_COMPILER_APPICON_NAME = AppIcon;
				CODE_SIGN_IDENTITY = "iPhone Developer";
				"CODE_SIGN_IDENTITY[sdk=iphoneos*]" = "iPhone Developer";
				DEVELOPMENT_TEAM = 9PX3VD966J;
				INFOPLIST_FILE = Blanket/Info.plist;
				LD_RUNPATH_SEARCH_PATHS = "$(inherited) @executable_path/Frameworks";
				PRODUCT_BUNDLE_IDENTIFIER = com.mhabits.blanket;
				PRODUCT_NAME = "$(TARGET_NAME)";
				PROVISIONING_PROFILE_SPECIFIER = "";
				SWIFT_VERSION = 3.0;
			};
			name = Debug;
		};
		581DA3D61E70D66C0051C64B /* Release */ = {
			isa = XCBuildConfiguration;
			baseConfigurationReference = 01F62AD5976AA08C5764A39F /* Pods-Blanket.release.xcconfig */;
			buildSettings = {
				ASSETCATALOG_COMPILER_APPICON_NAME = AppIcon;
				CODE_SIGN_IDENTITY = "iPhone Developer";
				"CODE_SIGN_IDENTITY[sdk=iphoneos*]" = "iPhone Developer";
				DEVELOPMENT_TEAM = 9PX3VD966J;
				INFOPLIST_FILE = Blanket/Info.plist;
				LD_RUNPATH_SEARCH_PATHS = "$(inherited) @executable_path/Frameworks";
				PRODUCT_BUNDLE_IDENTIFIER = com.mhabits.blanket;
				PRODUCT_NAME = "$(TARGET_NAME)";
				PROVISIONING_PROFILE_SPECIFIER = "";
				SWIFT_VERSION = 3.0;
			};
			name = Release;
		};
		581DA3D81E70D66C0051C64B /* Debug */ = {
			isa = XCBuildConfiguration;
			baseConfigurationReference = 22C221EC26499480EC12A8C7 /* Pods-BlanketTests.debug.xcconfig */;
			buildSettings = {
				ALWAYS_EMBED_SWIFT_STANDARD_LIBRARIES = YES;
				BUNDLE_LOADER = "$(TEST_HOST)";
				INFOPLIST_FILE = BlanketTests/Info.plist;
				LD_RUNPATH_SEARCH_PATHS = "$(inherited) @executable_path/Frameworks @loader_path/Frameworks";
				PRODUCT_BUNDLE_IDENTIFIER = marvo.BlanketTests;
				PRODUCT_NAME = "$(TARGET_NAME)";
				SWIFT_VERSION = 3.0;
				TEST_HOST = "$(BUILT_PRODUCTS_DIR)/Blanket.app/Blanket";
			};
			name = Debug;
		};
		581DA3D91E70D66C0051C64B /* Release */ = {
			isa = XCBuildConfiguration;
			baseConfigurationReference = 0D669369AF6CBBBDABBBF907 /* Pods-BlanketTests.release.xcconfig */;
			buildSettings = {
				ALWAYS_EMBED_SWIFT_STANDARD_LIBRARIES = YES;
				BUNDLE_LOADER = "$(TEST_HOST)";
				INFOPLIST_FILE = BlanketTests/Info.plist;
				LD_RUNPATH_SEARCH_PATHS = "$(inherited) @executable_path/Frameworks @loader_path/Frameworks";
				PRODUCT_BUNDLE_IDENTIFIER = marvo.BlanketTests;
				PRODUCT_NAME = "$(TARGET_NAME)";
				SWIFT_VERSION = 3.0;
				TEST_HOST = "$(BUILT_PRODUCTS_DIR)/Blanket.app/Blanket";
			};
			name = Release;
		};
		581DA3DB1E70D66C0051C64B /* Debug */ = {
			isa = XCBuildConfiguration;
			baseConfigurationReference = D553F578BB8EE71E6443B6DC /* Pods-BlanketUITests.debug.xcconfig */;
			buildSettings = {
				ALWAYS_EMBED_SWIFT_STANDARD_LIBRARIES = YES;
				INFOPLIST_FILE = BlanketUITests/Info.plist;
				LD_RUNPATH_SEARCH_PATHS = "$(inherited) @executable_path/Frameworks @loader_path/Frameworks";
				PRODUCT_BUNDLE_IDENTIFIER = marvo.BlanketUITests;
				PRODUCT_NAME = "$(TARGET_NAME)";
				SWIFT_VERSION = 3.0;
				TEST_TARGET_NAME = Blanket;
			};
			name = Debug;
		};
		581DA3DC1E70D66C0051C64B /* Release */ = {
			isa = XCBuildConfiguration;
			baseConfigurationReference = 75B92434C61436E1FCCB85A6 /* Pods-BlanketUITests.release.xcconfig */;
			buildSettings = {
				ALWAYS_EMBED_SWIFT_STANDARD_LIBRARIES = YES;
				INFOPLIST_FILE = BlanketUITests/Info.plist;
				LD_RUNPATH_SEARCH_PATHS = "$(inherited) @executable_path/Frameworks @loader_path/Frameworks";
				PRODUCT_BUNDLE_IDENTIFIER = marvo.BlanketUITests;
				PRODUCT_NAME = "$(TARGET_NAME)";
				SWIFT_VERSION = 3.0;
				TEST_TARGET_NAME = Blanket;
			};
			name = Release;
		};
/* End XCBuildConfiguration section */

/* Begin XCConfigurationList section */
		581DA3A41E70D66B0051C64B /* Build configuration list for PBXProject "Blanket" */ = {
			isa = XCConfigurationList;
			buildConfigurations = (
				581DA3D21E70D66C0051C64B /* Debug */,
				581DA3D31E70D66C0051C64B /* Release */,
			);
			defaultConfigurationIsVisible = 0;
			defaultConfigurationName = Release;
		};
		581DA3D41E70D66C0051C64B /* Build configuration list for PBXNativeTarget "Blanket" */ = {
			isa = XCConfigurationList;
			buildConfigurations = (
				581DA3D51E70D66C0051C64B /* Debug */,
				581DA3D61E70D66C0051C64B /* Release */,
			);
			defaultConfigurationIsVisible = 0;
			defaultConfigurationName = Release;
		};
		581DA3D71E70D66C0051C64B /* Build configuration list for PBXNativeTarget "BlanketTests" */ = {
			isa = XCConfigurationList;
			buildConfigurations = (
				581DA3D81E70D66C0051C64B /* Debug */,
				581DA3D91E70D66C0051C64B /* Release */,
			);
			defaultConfigurationIsVisible = 0;
			defaultConfigurationName = Release;
		};
		581DA3DA1E70D66C0051C64B /* Build configuration list for PBXNativeTarget "BlanketUITests" */ = {
			isa = XCConfigurationList;
			buildConfigurations = (
				581DA3DB1E70D66C0051C64B /* Debug */,
				581DA3DC1E70D66C0051C64B /* Release */,
			);
			defaultConfigurationIsVisible = 0;
			defaultConfigurationName = Release;
		};
/* End XCConfigurationList section */

/* Begin XCVersionGroup section */
		581DA3B31E70D66B0051C64B /* Blanket.xcdatamodeld */ = {
			isa = XCVersionGroup;
			children = (
				581DA3B41E70D66B0051C64B /* Blanket.xcdatamodel */,
			);
			currentVersion = 581DA3B41E70D66B0051C64B /* Blanket.xcdatamodel */;
			path = Blanket.xcdatamodeld;
			sourceTree = "<group>";
			versionGroupType = wrapper.xcdatamodel;
		};
/* End XCVersionGroup section */
	};
	rootObject = 581DA3A11E70D66B0051C64B /* Project object */;
}
